
Microsoft Visual Studio Solution File, Format Version 12.00
# Visual Studio Version 17
VisualStudioVersion = 17.0.31903.59
MinimumVisualStudioVersion = 10.0.40219.1
Project("{FAE04EC0-301F-11D3-BF4B-00C04F79EFBC}") = "OpenNlpCore", "OpenNlpCore\OpenNlpCore.csproj", "{F91D33A2-1CA9-4B99-97A9-D2856E767871}"
EndProject
Project("{2150E333-8FDC-42A3-9474-1A3956D46DE8}") = "Misc", "Misc", "{09FE5C50-D5B4-4B34-99F3-89003A2D3B58}"
	ProjectSection(SolutionItems) = preProject
		.gitignore = .gitignore
		ui = ui
		build-front = build-front
		copy-front = copy-front
	EndProjectSection
EndProject
Project("{FAE04EC0-301F-11D3-BF4B-00C04F79EFBC}") = "Acidmanic.NlpShareopolice.Api", "Acidmanic.NlpShareopolice.Api\Acidmanic.NlpShareopolice.Api.csproj", "{ED640F75-4E74-4FF0-AB7E-16691C358D12}"
EndProject
Project("{FAE04EC0-301F-11D3-BF4B-00C04F79EFBC}") = "Acidmanic.NlpShareopolice.Domain", "Acidmanic.NlpShareopolice.Domain\Acidmanic.NlpShareopolice.Domain.csproj", "{E7779672-7A06-4064-ADAF-9D9F9C7DBE43}"
EndProject
Global
	GlobalSection(SolutionConfigurationPlatforms) = preSolution
		Debug|Any CPU = Debug|Any CPU
		Release|Any CPU = Release|Any CPU
	EndGlobalSection
	GlobalSection(SolutionProperties) = preSolution
		HideSolutionNode = FALSE
	EndGlobalSection
	GlobalSection(ProjectConfigurationPlatforms) = postSolution
		{F91D33A2-1CA9-4B99-97A9-D2856E767871}.Debug|Any CPU.ActiveCfg = Debug|Any CPU
		{F91D33A2-1CA9-4B99-97A9-D2856E767871}.Debug|Any CPU.Build.0 = Debug|Any CPU
		{F91D33A2-1CA9-4B99-97A9-D2856E767871}.Release|Any CPU.ActiveCfg = Release|Any CPU
		{F91D33A2-1CA9-4B99-97A9-D2856E767871}.Release|Any CPU.Build.0 = Release|Any CPU
		{ED640F75-4E74-4FF0-AB7E-16691C358D12}.Debug|Any CPU.ActiveCfg = Debug|Any CPU
		{ED640F75-4E74-4FF0-AB7E-16691C358D12}.Debug|Any CPU.Build.0 = Debug|Any CPU
		{ED640F75-4E74-4FF0-AB7E-16691C358D12}.Release|Any CPU.ActiveCfg = Release|Any CPU
		{ED640F75-4E74-4FF0-AB7E-16691C358D12}.Release|Any CPU.Build.0 = Release|Any CPU
		{E7779672-7A06-4064-ADAF-9D9F9C7DBE43}.Debug|Any CPU.ActiveCfg = Debug|Any CPU
		{E7779672-7A06-4064-ADAF-9D9F9C7DBE43}.Debug|Any CPU.Build.0 = Debug|Any CPU
		{E7779672-7A06-4064-ADAF-9D9F9C7DBE43}.Release|Any CPU.ActiveCfg = Release|Any CPU
		{E7779672-7A06-4064-ADAF-9D9F9C7DBE43}.Release|Any CPU.Build.0 = Release|Any CPU
	EndGlobalSection
EndGlobal
